
Microsoft Visual Studio Solution File, Format Version 12.00
# Visual Studio Version 17
VisualStudioVersion = 17.5.33502.453
MinimumVisualStudioVersion = 10.0.40219.1
Project("{FAE04EC0-301F-11D3-BF4B-00C04F79EFBC}") = "20230329test4", "20230329test4\20230329test4.csproj", "{A88FDE2F-B8D0-47AD-A1F2-4BF83D65E510}"
EndProject
Global
	GlobalSection(SolutionConfigurationPlatforms) = preSolution
		Debug|Any CPU = Debug|Any CPU
		Release|Any CPU = Release|Any CPU
	EndGlobalSection
	GlobalSection(ProjectConfigurationPlatforms) = postSolution
		{A88FDE2F-B8D0-47AD-A1F2-4BF83D65E510}.Debug|Any CPU.ActiveCfg = Debug|Any CPU
		{A88FDE2F-B8D0-47AD-A1F2-4BF83D65E510}.Debug|Any CPU.Build.0 = Debug|Any CPU
		{A88FDE2F-B8D0-47AD-A1F2-4BF83D65E510}.Release|Any CPU.ActiveCfg = Release|Any CPU
		{A88FDE2F-B8D0-47AD-A1F2-4BF83D65E510}.Release|Any CPU.Build.0 = Release|Any CPU
	EndGlobalSection
	GlobalSection(SolutionProperties) = preSolution
		HideSolutionNode = FALSE
	EndGlobalSection
	GlobalSection(ExtensibilityGlobals) = postSolution
		SolutionGuid = {6BB09204-6B14-4D9B-84AF-583F16CD8121}
	EndGlobalSection
EndGlobal
