
Microsoft Visual Studio Solution File, Format Version 12.00
# Visual Studio Version 17
VisualStudioVersion = 17.5.33502.453
MinimumVisualStudioVersion = 10.0.40219.1
Project("{FAE04EC0-301F-11D3-BF4B-00C04F79EFBC}") = "20230329test3", "20230329test3\20230329test3.csproj", "{D44FAE63-5F7F-4C1C-80B0-0F768CED2E40}"
EndProject
Global
	GlobalSection(SolutionConfigurationPlatforms) = preSolution
		Debug|Any CPU = Debug|Any CPU
		Release|Any CPU = Release|Any CPU
	EndGlobalSection
	GlobalSection(ProjectConfigurationPlatforms) = postSolution
		{D44FAE63-5F7F-4C1C-80B0-0F768CED2E40}.Debug|Any CPU.ActiveCfg = Debug|Any CPU
		{D44FAE63-5F7F-4C1C-80B0-0F768CED2E40}.Debug|Any CPU.Build.0 = Debug|Any CPU
		{D44FAE63-5F7F-4C1C-80B0-0F768CED2E40}.Release|Any CPU.ActiveCfg = Release|Any CPU
		{D44FAE63-5F7F-4C1C-80B0-0F768CED2E40}.Release|Any CPU.Build.0 = Release|Any CPU
	EndGlobalSection
	GlobalSection(SolutionProperties) = preSolution
		HideSolutionNode = FALSE
	EndGlobalSection
	GlobalSection(ExtensibilityGlobals) = postSolution
		SolutionGuid = {FAD5F9BF-D9C1-4BE1-82AE-D12F8D8AF683}
	EndGlobalSection
EndGlobal
