
Microsoft Visual Studio Solution File, Format Version 12.00
# Visual Studio Version 17
VisualStudioVersion = 17.5.33502.453
MinimumVisualStudioVersion = 10.0.40219.1
Project("{FAE04EC0-301F-11D3-BF4B-00C04F79EFBC}") = "20230412test1", "20230412test1\20230412test1.csproj", "{8C761F65-01AB-4BE2-BC22-E43891C4DE02}"
EndProject
Global
	GlobalSection(SolutionConfigurationPlatforms) = preSolution
		Debug|Any CPU = Debug|Any CPU
		Release|Any CPU = Release|Any CPU
	EndGlobalSection
	GlobalSection(ProjectConfigurationPlatforms) = postSolution
		{8C761F65-01AB-4BE2-BC22-E43891C4DE02}.Debug|Any CPU.ActiveCfg = Debug|Any CPU
		{8C761F65-01AB-4BE2-BC22-E43891C4DE02}.Debug|Any CPU.Build.0 = Debug|Any CPU
		{8C761F65-01AB-4BE2-BC22-E43891C4DE02}.Release|Any CPU.ActiveCfg = Release|Any CPU
		{8C761F65-01AB-4BE2-BC22-E43891C4DE02}.Release|Any CPU.Build.0 = Release|Any CPU
	EndGlobalSection
	GlobalSection(SolutionProperties) = preSolution
		HideSolutionNode = FALSE
	EndGlobalSection
	GlobalSection(ExtensibilityGlobals) = postSolution
		SolutionGuid = {15F5EC1A-0984-4B8C-ADDB-3D718888D0A0}
	EndGlobalSection
EndGlobal
