
Microsoft Visual Studio Solution File, Format Version 12.00
# Visual Studio Version 17
VisualStudioVersion = 17.5.33424.131
MinimumVisualStudioVersion = 10.0.40219.1
Project("{FAE04EC0-301F-11D3-BF4B-00C04F79EFBC}") = "20230310test1", "20230310test1\20230310test1.csproj", "{F15B424D-CE1F-46FD-BF52-9EA1F414184B}"
EndProject
Global
	GlobalSection(SolutionConfigurationPlatforms) = preSolution
		Debug|Any CPU = Debug|Any CPU
		Release|Any CPU = Release|Any CPU
	EndGlobalSection
	GlobalSection(ProjectConfigurationPlatforms) = postSolution
		{F15B424D-CE1F-46FD-BF52-9EA1F414184B}.Debug|Any CPU.ActiveCfg = Debug|Any CPU
		{F15B424D-CE1F-46FD-BF52-9EA1F414184B}.Debug|Any CPU.Build.0 = Debug|Any CPU
		{F15B424D-CE1F-46FD-BF52-9EA1F414184B}.Release|Any CPU.ActiveCfg = Release|Any CPU
		{F15B424D-CE1F-46FD-BF52-9EA1F414184B}.Release|Any CPU.Build.0 = Release|Any CPU
	EndGlobalSection
	GlobalSection(SolutionProperties) = preSolution
		HideSolutionNode = FALSE
	EndGlobalSection
	GlobalSection(ExtensibilityGlobals) = postSolution
		SolutionGuid = {FF755BA2-118C-4EF0-ACE6-D22BB410B959}
	EndGlobalSection
EndGlobal
