
Microsoft Visual Studio Solution File, Format Version 12.00
# Visual Studio Version 17
VisualStudioVersion = 17.5.33502.453
MinimumVisualStudioVersion = 10.0.40219.1
Project("{FAE04EC0-301F-11D3-BF4B-00C04F79EFBC}") = "20230331test1", "20230331test1\20230331test1.csproj", "{F4049B78-5E48-47A8-80BD-0EEF004B8455}"
EndProject
Global
	GlobalSection(SolutionConfigurationPlatforms) = preSolution
		Debug|Any CPU = Debug|Any CPU
		Release|Any CPU = Release|Any CPU
	EndGlobalSection
	GlobalSection(ProjectConfigurationPlatforms) = postSolution
		{F4049B78-5E48-47A8-80BD-0EEF004B8455}.Debug|Any CPU.ActiveCfg = Debug|Any CPU
		{F4049B78-5E48-47A8-80BD-0EEF004B8455}.Debug|Any CPU.Build.0 = Debug|Any CPU
		{F4049B78-5E48-47A8-80BD-0EEF004B8455}.Release|Any CPU.ActiveCfg = Release|Any CPU
		{F4049B78-5E48-47A8-80BD-0EEF004B8455}.Release|Any CPU.Build.0 = Release|Any CPU
	EndGlobalSection
	GlobalSection(SolutionProperties) = preSolution
		HideSolutionNode = FALSE
	EndGlobalSection
	GlobalSection(ExtensibilityGlobals) = postSolution
		SolutionGuid = {CC24C146-5AA1-455D-AC12-D2CCE50C210B}
	EndGlobalSection
EndGlobal
